
Microsoft Visual Studio Solution File, Format Version 12.00
# Visual Studio 2013
VisualStudioVersion = 12.0.40629.0
MinimumVisualStudioVersion = 10.0.40219.1
Project("{FAE04EC0-301F-11D3-BF4B-00C04F79EFBC}") = "CallRate", "CallRate.csproj", "{20062D08-6D7D-4D86-A7B3-F1514F8C082A}"
EndProject
Global
	GlobalSection(SolutionConfigurationPlatforms) = preSolution
		Debug|Any CPU = Debug|Any CPU
		Release|Any CPU = Release|Any CPU
	EndGlobalSection
	GlobalSection(ProjectConfigurationPlatforms) = postSolution
		{20062D08-6D7D-4D86-A7B3-F1514F8C082A}.Debug|Any CPU.ActiveCfg = Debug|Any CPU
		{20062D08-6D7D-4D86-A7B3-F1514F8C082A}.Debug|Any CPU.Build.0 = Debug|Any CPU
		{20062D08-6D7D-4D86-A7B3-F1514F8C082A}.Release|Any CPU.ActiveCfg = Release|Any CPU
		{20062D08-6D7D-4D86-A7B3-F1514F8C082A}.Release|Any CPU.Build.0 = Release|Any CPU
	EndGlobalSection
	GlobalSection(SolutionProperties) = preSolution
		HideSolutionNode = FALSE
	EndGlobalSection
EndGlobal
